
Microsoft Visual Studio Solution File, Format Version 12.00
# Visual Studio Version 17
VisualStudioVersion = 17.3.32819.101
MinimumVisualStudioVersion = 10.0.40219.1
Project("{FAE04EC0-301F-11D3-BF4B-00C04F79EFBC}") = "QuizAPI", "QuizAPI\QuizAPI.csproj", "{43C8D10B-0BBE-4CC8-BBCB-35D1E6DEE2DE}"
EndProject
Global
	GlobalSection(SolutionConfigurationPlatforms) = preSolution
		Debug|Any CPU = Debug|Any CPU
		Release|Any CPU = Release|Any CPU
	EndGlobalSection
	GlobalSection(ProjectConfigurationPlatforms) = postSolution
		{43C8D10B-0BBE-4CC8-BBCB-35D1E6DEE2DE}.Debug|Any CPU.ActiveCfg = Debug|Any CPU
		{43C8D10B-0BBE-4CC8-BBCB-35D1E6DEE2DE}.Debug|Any CPU.Build.0 = Debug|Any CPU
		{43C8D10B-0BBE-4CC8-BBCB-35D1E6DEE2DE}.Release|Any CPU.ActiveCfg = Release|Any CPU
		{43C8D10B-0BBE-4CC8-BBCB-35D1E6DEE2DE}.Release|Any CPU.Build.0 = Release|Any CPU
	EndGlobalSection
	GlobalSection(SolutionProperties) = preSolution
		HideSolutionNode = FALSE
	EndGlobalSection
	GlobalSection(ExtensibilityGlobals) = postSolution
		SolutionGuid = {4FED4B2B-4FE2-465B-A00A-6932907FA97B}
	EndGlobalSection
EndGlobal
